
Microsoft Visual Studio Solution File, Format Version 12.00
# Visual Studio Version 17
VisualStudioVersion = 17.14.36811.4 d17.14
MinimumVisualStudioVersion = 10.0.40219.1
Project("{FAE04EC0-301F-11D3-BF4B-00C04F79EFBC}") = "LoginSystem", "LoginSystem.csproj", "{B94ADA4A-6E8C-42D8-8CD2-4B75E7E48A83}"
EndProject
Global
	GlobalSection(SolutionConfigurationPlatforms) = preSolution
		Debug|Any CPU = Debug|Any CPU
		Release|Any CPU = Release|Any CPU
	EndGlobalSection
	GlobalSection(ProjectConfigurationPlatforms) = postSolution
		{B94ADA4A-6E8C-42D8-8CD2-4B75E7E48A83}.Debug|Any CPU.ActiveCfg = Debug|Any CPU
		{B94ADA4A-6E8C-42D8-8CD2-4B75E7E48A83}.Debug|Any CPU.Build.0 = Debug|Any CPU
		{B94ADA4A-6E8C-42D8-8CD2-4B75E7E48A83}.Release|Any CPU.ActiveCfg = Release|Any CPU
		{B94ADA4A-6E8C-42D8-8CD2-4B75E7E48A83}.Release|Any CPU.Build.0 = Release|Any CPU
	EndGlobalSection
	GlobalSection(SolutionProperties) = preSolution
		HideSolutionNode = FALSE
	EndGlobalSection
	GlobalSection(ExtensibilityGlobals) = postSolution
		SolutionGuid = {EB2FFE90-D0FE-41C3-B2F7-F7BEA9A5E838}
	EndGlobalSection
EndGlobal
